
Microsoft Visual Studio Solution File, Format Version 12.00
# Visual Studio Version 17
VisualStudioVersion = 17.3.32825.248
MinimumVisualStudioVersion = 10.0.40219.1
Project("{FAE04EC0-301F-11D3-BF4B-00C04F79EFBC}") = "ClipRate", "ClipRate\ClipRate.csproj", "{F0E998BC-B6AD-4C3C-A3FA-F6D99E9E340D}"
EndProject
Global
	GlobalSection(SolutionConfigurationPlatforms) = preSolution
		Debug|Any CPU = Debug|Any CPU
		Release|Any CPU = Release|Any CPU
	EndGlobalSection
	GlobalSection(ProjectConfigurationPlatforms) = postSolution
		{F0E998BC-B6AD-4C3C-A3FA-F6D99E9E340D}.Debug|Any CPU.ActiveCfg = Debug|Any CPU
		{F0E998BC-B6AD-4C3C-A3FA-F6D99E9E340D}.Debug|Any CPU.Build.0 = Debug|Any CPU
		{F0E998BC-B6AD-4C3C-A3FA-F6D99E9E340D}.Release|Any CPU.ActiveCfg = Release|Any CPU
		{F0E998BC-B6AD-4C3C-A3FA-F6D99E9E340D}.Release|Any CPU.Build.0 = Release|Any CPU
	EndGlobalSection
	GlobalSection(SolutionProperties) = preSolution
		HideSolutionNode = FALSE
	EndGlobalSection
	GlobalSection(ExtensibilityGlobals) = postSolution
		SolutionGuid = {31223CD0-FE51-4719-AD2C-282FE4E34A98}
	EndGlobalSection
EndGlobal
